{
  "name": "luis-sdk-async",
  "version": "1.0.0",
  "lockfileVersion": 1,
  "requires": true,
  "dependencies": {
    "luis-sdk": {
      "version": "1.0.1",
      "resolved": "https://registry.npmjs.org/luis-sdk/-/luis-sdk-1.0.1.tgz",
      "integrity": "sha1-CIJgxuMA76sVmto90hnHE9vO+Lo="
    }
  }
}
